
Microsoft Visual Studio Solution File, Format Version 12.00
# Visual Studio 15
VisualStudioVersion = 15.0.28307.757
MinimumVisualStudioVersion = 10.0.40219.1
Project("{FAE04EC0-301F-11D3-BF4B-00C04F79EFBC}") = "MISA.DemoCukCuk", "MISA.DemoCukCuk\MISA.DemoCukCuk.csproj", "{05CEA6FC-7281-40F0-BA7F-7B7BD4E6E34C}"
EndProject
Global
	GlobalSection(SolutionConfigurationPlatforms) = preSolution
		Debug|Any CPU = Debug|Any CPU
		Release|Any CPU = Release|Any CPU
	EndGlobalSection
	GlobalSection(ProjectConfigurationPlatforms) = postSolution
		{05CEA6FC-7281-40F0-BA7F-7B7BD4E6E34C}.Debug|Any CPU.ActiveCfg = Debug|Any CPU
		{05CEA6FC-7281-40F0-BA7F-7B7BD4E6E34C}.Debug|Any CPU.Build.0 = Debug|Any CPU
		{05CEA6FC-7281-40F0-BA7F-7B7BD4E6E34C}.Release|Any CPU.ActiveCfg = Release|Any CPU
		{05CEA6FC-7281-40F0-BA7F-7B7BD4E6E34C}.Release|Any CPU.Build.0 = Release|Any CPU
	EndGlobalSection
	GlobalSection(SolutionProperties) = preSolution
		HideSolutionNode = FALSE
	EndGlobalSection
	GlobalSection(ExtensibilityGlobals) = postSolution
		SolutionGuid = {CC3F171B-F049-4B17-993A-225AF770A568}
	EndGlobalSection
EndGlobal
